{
  "name": "cleanchar",
  "version": "0.1.1",
  "lockfileVersion": 1,
  "requires": true,
  "dependencies": {
    "tck": {
      "version": "1.0.7",
      "resolved": "https://registry.npmjs.org/tck/-/tck-1.0.7.tgz",
      "integrity": "sha512-BOJ+Jer4BKmJGIRZa5O+FcJs7zNB1cCbEZyKNFFbJ0/RCyn6VbhQJGQwPHiAf8WBoCjkS1fmDoUd/F94Ae4olw=="
    }
  }
}
